// !$*UTF8*$!
{
	archiveVersion = 1;
	classes = {
	};
	objectVersion = 50;
	objects = {

/* Begin PBXBuildFile section */
		11ABED6798773F31A4450B80 /* Pods_automationWorkShop.framework in Frameworks */ = {isa = PBXBuildFile; fileRef = D5B19995F5F59518CDD8E713 /* Pods_automationWorkShop.framework */; };
		44ACB6F52233E813002B4706 /* AppDelegate.swift in Sources */ = {isa = PBXBuildFile; fileRef = 44ACB6F42233E813002B4706 /* AppDelegate.swift */; };
		44ACB6F72233E813002B4706 /* ViewController.swift in Sources */ = {isa = PBXBuildFile; fileRef = 44ACB6F62233E813002B4706 /* ViewController.swift */; };
		44ACB6FA2233E813002B4706 /* Main.storyboard in Resources */ = {isa = PBXBuildFile; fileRef = 44ACB6F82233E813002B4706 /* Main.storyboard */; };
		44ACB6FC2233E815002B4706 /* Assets.xcassets in Resources */ = {isa = PBXBuildFile; fileRef = 44ACB6FB2233E815002B4706 /* Assets.xcassets */; };
		44ACB6FF2233E815002B4706 /* LaunchScreen.storyboard in Resources */ = {isa = PBXBuildFile; fileRef = 44ACB6FD2233E815002B4706 /* LaunchScreen.storyboard */; };
		44ACB70A2233E815002B4706 /* automationWorkShopTests.swift in Sources */ = {isa = PBXBuildFile; fileRef = 44ACB7092233E815002B4706 /* automationWorkShopTests.swift */; };
		44ACB7152233E815002B4706 /* automationWorkShopUITests.swift in Sources */ = {isa = PBXBuildFile; fileRef = 44ACB7142233E815002B4706 /* automationWorkShopUITests.swift */; };
		BA0DC28EAE8A3BCDEE764BFA /* Pods_automationWorkShopUITests.framework in Frameworks */ = {isa = PBXBuildFile; fileRef = 87839E34EABB4C416595C851 /* Pods_automationWorkShopUITests.framework */; };
		E8582620A01F86067961BA83 /* Pods_automationWorkShopTests.framework in Frameworks */ = {isa = PBXBuildFile; fileRef = DD56F2F95EF0C5DC8471050B /* Pods_automationWorkShopTests.framework */; };
/* End PBXBuildFile section */

/* Begin PBXContainerItemProxy section */
		44ACB7062233E815002B4706 /* PBXContainerItemProxy */ = {
			isa = PBXContainerItemProxy;
			containerPortal = 44ACB6E92233E813002B4706 /* Project object */;
			proxyType = 1;
			remoteGlobalIDString = 44ACB6F02233E813002B4706;
			remoteInfo = automationWorkShop;
		};
		44ACB7112233E815002B4706 /* PBXContainerItemProxy */ = {
			isa = PBXContainerItemProxy;
			containerPortal = 44ACB6E92233E813002B4706 /* Project object */;
			proxyType = 1;
			remoteGlobalIDString = 44ACB6F02233E813002B4706;
			remoteInfo = automationWorkShop;
		};
/* End PBXContainerItemProxy section */

/* Begin PBXFileReference section */
		0BCFF37248845EBD9B3BCF3C /* Pods-automationWorkShopUITests.debug.xcconfig */ = {isa = PBXFileReference; includeInIndex = 1; lastKnownFileType = text.xcconfig; name = "Pods-automationWorkShopUITests.debug.xcconfig"; path = "Pods/Target Support Files/Pods-automationWorkShopUITests/Pods-automationWorkShopUITests.debug.xcconfig"; sourceTree = "<group>"; };
		44ACB6F12233E813002B4706 /* automationWorkShop.app */ = {isa = PBXFileReference; explicitFileType = wrapper.application; includeInIndex = 0; path = automationWorkShop.app; sourceTree = BUILT_PRODUCTS_DIR; };
		44ACB6F42233E813002B4706 /* AppDelegate.swift */ = {isa = PBXFileReference; lastKnownFileType = sourcecode.swift; path = AppDelegate.swift; sourceTree = "<group>"; };
		44ACB6F62233E813002B4706 /* ViewController.swift */ = {isa = PBXFileReference; lastKnownFileType = sourcecode.swift; path = ViewController.swift; sourceTree = "<group>"; };
		44ACB6F92233E813002B4706 /* Base */ = {isa = PBXFileReference; lastKnownFileType = file.storyboard; name = Base; path = Base.lproj/Main.storyboard; sourceTree = "<group>"; };
		44ACB6FB2233E815002B4706 /* Assets.xcassets */ = {isa = PBXFileReference; lastKnownFileType = folder.assetcatalog; path = Assets.xcassets; sourceTree = "<group>"; };
		44ACB6FE2233E815002B4706 /* Base */ = {isa = PBXFileReference; lastKnownFileType = file.storyboard; name = Base; path = Base.lproj/LaunchScreen.storyboard; sourceTree = "<group>"; };
		44ACB7002233E815002B4706 /* Info.plist */ = {isa = PBXFileReference; lastKnownFileType = text.plist.xml; path = Info.plist; sourceTree = "<group>"; };
		44ACB7052233E815002B4706 /* automationWorkShopTests.xctest */ = {isa = PBXFileReference; explicitFileType = wrapper.cfbundle; includeInIndex = 0; path = automationWorkShopTests.xctest; sourceTree = BUILT_PRODUCTS_DIR; };
		44ACB7092233E815002B4706 /* automationWorkShopTests.swift */ = {isa = PBXFileReference; lastKnownFileType = sourcecode.swift; path = automationWorkShopTests.swift; sourceTree = "<group>"; };
		44ACB70B2233E815002B4706 /* Info.plist */ = {isa = PBXFileReference; lastKnownFileType = text.plist.xml; path = Info.plist; sourceTree = "<group>"; };
		44ACB7102233E815002B4706 /* automationWorkShopUITests.xctest */ = {isa = PBXFileReference; explicitFileType = wrapper.cfbundle; includeInIndex = 0; path = automationWorkShopUITests.xctest; sourceTree = BUILT_PRODUCTS_DIR; };
		44ACB7142233E815002B4706 /* automationWorkShopUITests.swift */ = {isa = PBXFileReference; lastKnownFileType = sourcecode.swift; path = automationWorkShopUITests.swift; sourceTree = "<group>"; };
		44ACB7162233E815002B4706 /* Info.plist */ = {isa = PBXFileReference; lastKnownFileType = text.plist.xml; path = Info.plist; sourceTree = "<group>"; };
		64BB7725F3C81B8A8E1056AB /* Pods-automationWorkShop.debug.xcconfig */ = {isa = PBXFileReference; includeInIndex = 1; lastKnownFileType = text.xcconfig; name = "Pods-automationWorkShop.debug.xcconfig"; path = "Pods/Target Support Files/Pods-automationWorkShop/Pods-automationWorkShop.debug.xcconfig"; sourceTree = "<group>"; };
		72CC3CBAAD1B228F4DC71826 /* Pods-automationWorkShopTests.debug.xcconfig */ = {isa = PBXFileReference; includeInIndex = 1; lastKnownFileType = text.xcconfig; name = "Pods-automationWorkShopTests.debug.xcconfig"; path = "Pods/Target Support Files/Pods-automationWorkShopTests/Pods-automationWorkShopTests.debug.xcconfig"; sourceTree = "<group>"; };
		809FAB31A3E929EE1287D895 /* Pods-automationWorkShopUITests.release.xcconfig */ = {isa = PBXFileReference; includeInIndex = 1; lastKnownFileType = text.xcconfig; name = "Pods-automationWorkShopUITests.release.xcconfig"; path = "Pods/Target Support Files/Pods-automationWorkShopUITests/Pods-automationWorkShopUITests.release.xcconfig"; sourceTree = "<group>"; };
		87839E34EABB4C416595C851 /* Pods_automationWorkShopUITests.framework */ = {isa = PBXFileReference; explicitFileType = wrapper.framework; includeInIndex = 0; path = Pods_automationWorkShopUITests.framework; sourceTree = BUILT_PRODUCTS_DIR; };
		D5B19995F5F59518CDD8E713 /* Pods_automationWorkShop.framework */ = {isa = PBXFileReference; explicitFileType = wrapper.framework; includeInIndex = 0; path = Pods_automationWorkShop.framework; sourceTree = BUILT_PRODUCTS_DIR; };
		DD56F2F95EF0C5DC8471050B /* Pods_automationWorkShopTests.framework */ = {isa = PBXFileReference; explicitFileType = wrapper.framework; includeInIndex = 0; path = Pods_automationWorkShopTests.framework; sourceTree = BUILT_PRODUCTS_DIR; };
		F2919BB3CAD27D2EA8CF5CA5 /* Pods-automationWorkShopTests.release.xcconfig */ = {isa = PBXFileReference; includeInIndex = 1; lastKnownFileType = text.xcconfig; name = "Pods-automationWorkShopTests.release.xcconfig"; path = "Pods/Target Support Files/Pods-automationWorkShopTests/Pods-automationWorkShopTests.release.xcconfig"; sourceTree = "<group>"; };
		F45F5B16604AA098446F068A /* Pods-automationWorkShop.release.xcconfig */ = {isa = PBXFileReference; includeInIndex = 1; lastKnownFileType = text.xcconfig; name = "Pods-automationWorkShop.release.xcconfig"; path = "Pods/Target Support Files/Pods-automationWorkShop/Pods-automationWorkShop.release.xcconfig"; sourceTree = "<group>"; };
/* End PBXFileReference section */

/* Begin PBXFrameworksBuildPhase section */
		44ACB6EE2233E813002B4706 /* Frameworks */ = {
			isa = PBXFrameworksBuildPhase;
			buildActionMask = 2147483647;
			files = (
				11ABED6798773F31A4450B80 /* Pods_automationWorkShop.framework in Frameworks */,
			);
			runOnlyForDeploymentPostprocessing = 0;
		};
		44ACB7022233E815002B4706 /* Frameworks */ = {
			isa = PBXFrameworksBuildPhase;
			buildActionMask = 2147483647;
			files = (
				E8582620A01F86067961BA83 /* Pods_automationWorkShopTests.framework in Frameworks */,
			);
			runOnlyForDeploymentPostprocessing = 0;
		};
		44ACB70D2233E815002B4706 /* Frameworks */ = {
			isa = PBXFrameworksBuildPhase;
			buildActionMask = 2147483647;
			files = (
				BA0DC28EAE8A3BCDEE764BFA /* Pods_automationWorkShopUITests.framework in Frameworks */,
			);
			runOnlyForDeploymentPostprocessing = 0;
		};
/* End PBXFrameworksBuildPhase section */

/* Begin PBXGroup section */
		05BD8056659F2855A9CA64E0 /* Frameworks */ = {
			isa = PBXGroup;
			children = (
				D5B19995F5F59518CDD8E713 /* Pods_automationWorkShop.framework */,
				DD56F2F95EF0C5DC8471050B /* Pods_automationWorkShopTests.framework */,
				87839E34EABB4C416595C851 /* Pods_automationWorkShopUITests.framework */,
			);
			name = Frameworks;
			sourceTree = "<group>";
		};
		44ACB6E82233E813002B4706 = {
			isa = PBXGroup;
			children = (
				44ACB6F32233E813002B4706 /* automationWorkShop */,
				44ACB7082233E815002B4706 /* automationWorkShopTests */,
				44ACB7132233E815002B4706 /* automationWorkShopUITests */,
				44ACB6F22233E813002B4706 /* Products */,
				C7BFD8F451C990C9DC2CE232 /* Pods */,
				05BD8056659F2855A9CA64E0 /* Frameworks */,
			);
			sourceTree = "<group>";
		};
		44ACB6F22233E813002B4706 /* Products */ = {
			isa = PBXGroup;
			children = (
				44ACB6F12233E813002B4706 /* automationWorkShop.app */,
				44ACB7052233E815002B4706 /* automationWorkShopTests.xctest */,
				44ACB7102233E815002B4706 /* automationWorkShopUITests.xctest */,
			);
			name = Products;
			sourceTree = "<group>";
		};
		44ACB6F32233E813002B4706 /* automationWorkShop */ = {
			isa = PBXGroup;
			children = (
				44ACB6F42233E813002B4706 /* AppDelegate.swift */,
				44ACB6F62233E813002B4706 /* ViewController.swift */,
				44ACB6F82233E813002B4706 /* Main.storyboard */,
				44ACB6FB2233E815002B4706 /* Assets.xcassets */,
				44ACB6FD2233E815002B4706 /* LaunchScreen.storyboard */,
				44ACB7002233E815002B4706 /* Info.plist */,
			);
			path = automationWorkShop;
			sourceTree = "<group>";
		};
		44ACB7082233E815002B4706 /* automationWorkShopTests */ = {
			isa = PBXGroup;
			children = (
				44ACB7092233E815002B4706 /* automationWorkShopTests.swift */,
				44ACB70B2233E815002B4706 /* Info.plist */,
			);
			path = automationWorkShopTests;
			sourceTree = "<group>";
		};
		44ACB7132233E815002B4706 /* automationWorkShopUITests */ = {
			isa = PBXGroup;
			children = (
				44ACB7142233E815002B4706 /* automationWorkShopUITests.swift */,
				44ACB7162233E815002B4706 /* Info.plist */,
			);
			path = automationWorkShopUITests;
			sourceTree = "<group>";
		};
		C7BFD8F451C990C9DC2CE232 /* Pods */ = {
			isa = PBXGroup;
			children = (
				64BB7725F3C81B8A8E1056AB /* Pods-automationWorkShop.debug.xcconfig */,
				F45F5B16604AA098446F068A /* Pods-automationWorkShop.release.xcconfig */,
				72CC3CBAAD1B228F4DC71826 /* Pods-automationWorkShopTests.debug.xcconfig */,
				F2919BB3CAD27D2EA8CF5CA5 /* Pods-automationWorkShopTests.release.xcconfig */,
				0BCFF37248845EBD9B3BCF3C /* Pods-automationWorkShopUITests.debug.xcconfig */,
				809FAB31A3E929EE1287D895 /* Pods-automationWorkShopUITests.release.xcconfig */,
			);
			name = Pods;
			sourceTree = "<group>";
		};
/* End PBXGroup section */

/* Begin PBXNativeTarget section */
		44ACB6F02233E813002B4706 /* automationWorkShop */ = {
			isa = PBXNativeTarget;
			buildConfigurationList = 44ACB7192233E815002B4706 /* Build configuration list for PBXNativeTarget "automationWorkShop" */;
			buildPhases = (
				91E312305BED4244F40E7C0B /* [CP] Check Pods Manifest.lock */,
				44ACB6ED2233E813002B4706 /* Sources */,
				44ACB6EE2233E813002B4706 /* Frameworks */,
				44ACB6EF2233E813002B4706 /* Resources */,
				44ACB7222233EB2B002B4706 /* SwiftLint */,
			);
			buildRules = (
			);
			dependencies = (
			);
			name = automationWorkShop;
			productName = automationWorkShop;
			productReference = 44ACB6F12233E813002B4706 /* automationWorkShop.app */;
			productType = "com.apple.product-type.application";
		};
		44ACB7042233E815002B4706 /* automationWorkShopTests */ = {
			isa = PBXNativeTarget;
			buildConfigurationList = 44ACB71C2233E815002B4706 /* Build configuration list for PBXNativeTarget "automationWorkShopTests" */;
			buildPhases = (
				5765BDFEA62E80543F620431 /* [CP] Check Pods Manifest.lock */,
				44ACB7012233E815002B4706 /* Sources */,
				44ACB7022233E815002B4706 /* Frameworks */,
				44ACB7032233E815002B4706 /* Resources */,
			);
			buildRules = (
			);
			dependencies = (
				44ACB7072233E815002B4706 /* PBXTargetDependency */,
			);
			name = automationWorkShopTests;
			productName = automationWorkShopTests;
			productReference = 44ACB7052233E815002B4706 /* automationWorkShopTests.xctest */;
			productType = "com.apple.product-type.bundle.unit-test";
		};
		44ACB70F2233E815002B4706 /* automationWorkShopUITests */ = {
			isa = PBXNativeTarget;
			buildConfigurationList = 44ACB71F2233E815002B4706 /* Build configuration list for PBXNativeTarget "automationWorkShopUITests" */;
			buildPhases = (
				E42700882A9C3CBC617FAA3A /* [CP] Check Pods Manifest.lock */,
				44ACB70C2233E815002B4706 /* Sources */,
				44ACB70D2233E815002B4706 /* Frameworks */,
				44ACB70E2233E815002B4706 /* Resources */,
			);
			buildRules = (
			);
			dependencies = (
				44ACB7122233E815002B4706 /* PBXTargetDependency */,
			);
			name = automationWorkShopUITests;
			productName = automationWorkShopUITests;
			productReference = 44ACB7102233E815002B4706 /* automationWorkShopUITests.xctest */;
			productType = "com.apple.product-type.bundle.ui-testing";
		};
/* End PBXNativeTarget section */

/* Begin PBXProject section */
		44ACB6E92233E813002B4706 /* Project object */ = {
			isa = PBXProject;
			attributes = {
				LastSwiftUpdateCheck = 0940;
				LastUpgradeCheck = 0940;
				ORGANIZATIONNAME = Amr;
				TargetAttributes = {
					44ACB6F02233E813002B4706 = {
						CreatedOnToolsVersion = 9.4.1;
					};
					44ACB7042233E815002B4706 = {
						CreatedOnToolsVersion = 9.4.1;
						TestTargetID = 44ACB6F02233E813002B4706;
					};
					44ACB70F2233E815002B4706 = {
						CreatedOnToolsVersion = 9.4.1;
						TestTargetID = 44ACB6F02233E813002B4706;
					};
				};
			};
			buildConfigurationList = 44ACB6EC2233E813002B4706 /* Build configuration list for PBXProject "automationWorkShop" */;
			compatibilityVersion = "Xcode 9.3";
			developmentRegion = en;
			hasScannedForEncodings = 0;
			knownRegions = (
				en,
				Base,
			);
			mainGroup = 44ACB6E82233E813002B4706;
			productRefGroup = 44ACB6F22233E813002B4706 /* Products */;
			projectDirPath = "";
			projectRoot = "";
			targets = (
				44ACB6F02233E813002B4706 /* automationWorkShop */,
				44ACB7042233E815002B4706 /* automationWorkShopTests */,
				44ACB70F2233E815002B4706 /* automationWorkShopUITests */,
			);
		};
/* End PBXProject section */

/* Begin PBXResourcesBuildPhase section */
		44ACB6EF2233E813002B4706 /* Resources */ = {
			isa = PBXResourcesBuildPhase;
			buildActionMask = 2147483647;
			files = (
				44ACB6FF2233E815002B4706 /* LaunchScreen.storyboard in Resources */,
				44ACB6FC2233E815002B4706 /* Assets.xcassets in Resources */,
				44ACB6FA2233E813002B4706 /* Main.storyboard in Resources */,
			);
			runOnlyForDeploymentPostprocessing = 0;
		};
		44ACB7032233E815002B4706 /* Resources */ = {
			isa = PBXResourcesBuildPhase;
			buildActionMask = 2147483647;
			files = (
			);
			runOnlyForDeploymentPostprocessing = 0;
		};
		44ACB70E2233E815002B4706 /* Resources */ = {
			isa = PBXResourcesBuildPhase;
			buildActionMask = 2147483647;
			files = (
			);
			runOnlyForDeploymentPostprocessing = 0;
		};
/* End PBXResourcesBuildPhase section */

/* Begin PBXShellScriptBuildPhase section */
		44ACB7222233EB2B002B4706 /* SwiftLint */ = {
			isa = PBXShellScriptBuildPhase;
			buildActionMask = 2147483647;
			files = (
			);
			inputPaths = (
			);
			name = SwiftLint;
			outputPaths = (
			);
			runOnlyForDeploymentPostprocessing = 0;
			shellPath = /bin/sh;
			shellScript = "\"${PODS_ROOT}/SwiftLint/swiftlint\" autocorrect\n";
		};
		5765BDFEA62E80543F620431 /* [CP] Check Pods Manifest.lock */ = {
			isa = PBXShellScriptBuildPhase;
			buildActionMask = 2147483647;
			files = (
			);
			inputPaths = (
				"${PODS_PODFILE_DIR_PATH}/Podfile.lock",
				"${PODS_ROOT}/Manifest.lock",
			);
			name = "[CP] Check Pods Manifest.lock";
			outputPaths = (
				"$(DERIVED_FILE_DIR)/Pods-automationWorkShopTests-checkManifestLockResult.txt",
			);
			runOnlyForDeploymentPostprocessing = 0;
			shellPath = /bin/sh;
			shellScript = "diff \"${PODS_PODFILE_DIR_PATH}/Podfile.lock\" \"${PODS_ROOT}/Manifest.lock\" > /dev/null\nif [ $? != 0 ] ; then\n    # print error to STDERR\n    echo \"error: The sandbox is not in sync with the Podfile.lock. Run 'pod install' or update your CocoaPods installation.\" >&2\n    exit 1\nfi\n# This output is used by Xcode 'outputs' to avoid re-running this script phase.\necho \"SUCCESS\" > \"${SCRIPT_OUTPUT_FILE_0}\"\n";
			showEnvVarsInLog = 0;
		};
		91E312305BED4244F40E7C0B /* [CP] Check Pods Manifest.lock */ = {
			isa = PBXShellScriptBuildPhase;
			buildActionMask = 2147483647;
			files = (
			);
			inputPaths = (
				"${PODS_PODFILE_DIR_PATH}/Podfile.lock",
				"${PODS_ROOT}/Manifest.lock",
			);
			name = "[CP] Check Pods Manifest.lock";
			outputPaths = (
				"$(DERIVED_FILE_DIR)/Pods-automationWorkShop-checkManifestLockResult.txt",
			);
			runOnlyForDeploymentPostprocessing = 0;
			shellPath = /bin/sh;
			shellScript = "diff \"${SRCROOT}/Podfile.lock\" \"${SRCROOT}/Pods/Manifest.lock\" > /dev/null\nif [ $? != 0 ] ; then\n    # print error to STDERR\n    echo \"error: The sandbox is not in sync with the Podfile.lock. Run 'pod install' or update your CocoaPods installation.\" >&2\n    exit 1\nfi\n# This output is used by Xcode 'outputs' to avoid re-running this script phase.\necho \"SUCCESS\" > \"${SCRIPT_OUTPUT_FILE_0}\"\n";
			showEnvVarsInLog = 0;
		};
		E42700882A9C3CBC617FAA3A /* [CP] Check Pods Manifest.lock */ = {
			isa = PBXShellScriptBuildPhase;
			buildActionMask = 2147483647;
			files = (
			);
			inputPaths = (
				"${PODS_PODFILE_DIR_PATH}/Podfile.lock",
				"${PODS_ROOT}/Manifest.lock",
			);
			name = "[CP] Check Pods Manifest.lock";
			outputPaths = (
				"$(DERIVED_FILE_DIR)/Pods-automationWorkShopUITests-checkManifestLockResult.txt",
			);
			runOnlyForDeploymentPostprocessing = 0;
			shellPath = /bin/sh;
			shellScript = "diff \"${PODS_PODFILE_DIR_PATH}/Podfile.lock\" \"${PODS_ROOT}/Manifest.lock\" > /dev/null\nif [ $? != 0 ] ; then\n    # print error to STDERR\n    echo \"error: The sandbox is not in sync with the Podfile.lock. Run 'pod install' or update your CocoaPods installation.\" >&2\n    exit 1\nfi\n# This output is used by Xcode 'outputs' to avoid re-running this script phase.\necho \"SUCCESS\" > \"${SCRIPT_OUTPUT_FILE_0}\"\n";
			showEnvVarsInLog = 0;
		};
/* End PBXShellScriptBuildPhase section */

/* Begin PBXSourcesBuildPhase section */
		44ACB6ED2233E813002B4706 /* Sources */ = {
			isa = PBXSourcesBuildPhase;
			buildActionMask = 2147483647;
			files = (
				44ACB6F72233E813002B4706 /* ViewController.swift in Sources */,
				44ACB6F52233E813002B4706 /* AppDelegate.swift in Sources */,
			);
			runOnlyForDeploymentPostprocessing = 0;
		};
		44ACB7012233E815002B4706 /* Sources */ = {
			isa = PBXSourcesBuildPhase;
			buildActionMask = 2147483647;
			files = (
				44ACB70A2233E815002B4706 /* automationWorkShopTests.swift in Sources */,
			);
			runOnlyForDeploymentPostprocessing = 0;
		};
		44ACB70C2233E815002B4706 /* Sources */ = {
			isa = PBXSourcesBuildPhase;
			buildActionMask = 2147483647;
			files = (
				44ACB7152233E815002B4706 /* automationWorkShopUITests.swift in Sources */,
			);
			runOnlyForDeploymentPostprocessing = 0;
		};
/* End PBXSourcesBuildPhase section */

/* Begin PBXTargetDependency section */
		44ACB7072233E815002B4706 /* PBXTargetDependency */ = {
			isa = PBXTargetDependency;
			target = 44ACB6F02233E813002B4706 /* automationWorkShop */;
			targetProxy = 44ACB7062233E815002B4706 /* PBXContainerItemProxy */;
		};
		44ACB7122233E815002B4706 /* PBXTargetDependency */ = {
			isa = PBXTargetDependency;
			target = 44ACB6F02233E813002B4706 /* automationWorkShop */;
			targetProxy = 44ACB7112233E815002B4706 /* PBXContainerItemProxy */;
		};
/* End PBXTargetDependency section */

/* Begin PBXVariantGroup section */
		44ACB6F82233E813002B4706 /* Main.storyboard */ = {
			isa = PBXVariantGroup;
			children = (
				44ACB6F92233E813002B4706 /* Base */,
			);
			name = Main.storyboard;
			sourceTree = "<group>";
		};
		44ACB6FD2233E815002B4706 /* LaunchScreen.storyboard */ = {
			isa = PBXVariantGroup;
			children = (
				44ACB6FE2233E815002B4706 /* Base */,
			);
			name = LaunchScreen.storyboard;
			sourceTree = "<group>";
		};
/* End PBXVariantGroup section */

/* Begin XCBuildConfiguration section */
		44ACB7172233E815002B4706 /* Debug */ = {
			isa = XCBuildConfiguration;
			buildSettings = {
				ALWAYS_SEARCH_USER_PATHS = NO;
				CLANG_ANALYZER_NONNULL = YES;
				CLANG_ANALYZER_NUMBER_OBJECT_CONVERSION = YES_AGGRESSIVE;
				CLANG_CXX_LANGUAGE_STANDARD = "gnu++14";
				CLANG_CXX_LIBRARY = "libc++";
				CLANG_ENABLE_MODULES = YES;
				CLANG_ENABLE_OBJC_ARC = YES;
				CLANG_ENABLE_OBJC_WEAK = YES;
				CLANG_WARN_BLOCK_CAPTURE_AUTORELEASING = YES;
				CLANG_WARN_BOOL_CONVERSION = YES;
				CLANG_WARN_COMMA = YES;
				CLANG_WARN_CONSTANT_CONVERSION = YES;
				CLANG_WARN_DEPRECATED_OBJC_IMPLEMENTATIONS = YES;
				CLANG_WARN_DIRECT_OBJC_ISA_USAGE = YES_ERROR;
				CLANG_WARN_DOCUMENTATION_COMMENTS = YES;
				CLANG_WARN_EMPTY_BODY = YES;
				CLANG_WARN_ENUM_CONVERSION = YES;
				CLANG_WARN_INFINITE_RECURSION = YES;
				CLANG_WARN_INT_CONVERSION = YES;
				CLANG_WARN_NON_LITERAL_NULL_CONVERSION = YES;
				CLANG_WARN_OBJC_IMPLICIT_RETAIN_SELF = YES;
				CLANG_WARN_OBJC_LITERAL_CONVERSION = YES;
				CLANG_WARN_OBJC_ROOT_CLASS = YES_ERROR;
				CLANG_WARN_RANGE_LOOP_ANALYSIS = YES;
				CLANG_WARN_STRICT_PROTOTYPES = YES;
				CLANG_WARN_SUSPICIOUS_MOVE = YES;
				CLANG_WARN_UNGUARDED_AVAILABILITY = YES_AGGRESSIVE;
				CLANG_WARN_UNREACHABLE_CODE = YES;
				CLANG_WARN__DUPLICATE_METHOD_MATCH = YES;
				CODE_SIGN_IDENTITY = "iPhone Developer";
				COPY_PHASE_STRIP = NO;
				DEBUG_INFORMATION_FORMAT = dwarf;
				ENABLE_STRICT_OBJC_MSGSEND = YES;
				ENABLE_TESTABILITY = YES;
				GCC_C_LANGUAGE_STANDARD = gnu11;
				GCC_DYNAMIC_NO_PIC = NO;
				GCC_NO_COMMON_BLOCKS = YES;
				GCC_OPTIMIZATION_LEVEL = 0;
				GCC_PREPROCESSOR_DEFINITIONS = (
					"DEBUG=1",
					"$(inherited)",
				);
				GCC_WARN_64_TO_32_BIT_CONVERSION = YES;
				GCC_WARN_ABOUT_RETURN_TYPE = YES_ERROR;
				GCC_WARN_UNDECLARED_SELECTOR = YES;
				GCC_WARN_UNINITIALIZED_AUTOS = YES_AGGRESSIVE;
				GCC_WARN_UNUSED_FUNCTION = YES;
				GCC_WARN_UNUSED_VARIABLE = YES;
				IPHONEOS_DEPLOYMENT_TARGET = 11.4;
				MTL_ENABLE_DEBUG_INFO = YES;
				ONLY_ACTIVE_ARCH = YES;
				SDKROOT = iphoneos;
				SWIFT_ACTIVE_COMPILATION_CONDITIONS = DEBUG;
				SWIFT_OPTIMIZATION_LEVEL = "-Onone";
			};
			name = Debug;
		};
		44ACB7182233E815002B4706 /* Release */ = {
			isa = XCBuildConfiguration;
			buildSettings = {
				ALWAYS_SEARCH_USER_PATHS = NO;
				CLANG_ANALYZER_NONNULL = YES;
				CLANG_ANALYZER_NUMBER_OBJECT_CONVERSION = YES_AGGRESSIVE;
				CLANG_CXX_LANGUAGE_STANDARD = "gnu++14";
				CLANG_CXX_LIBRARY = "libc++";
				CLANG_ENABLE_MODULES = YES;
				CLANG_ENABLE_OBJC_ARC = YES;
				CLANG_ENABLE_OBJC_WEAK = YES;
				CLANG_WARN_BLOCK_CAPTURE_AUTORELEASING = YES;
				CLANG_WARN_BOOL_CONVERSION = YES;
				CLANG_WARN_COMMA = YES;
				CLANG_WARN_CONSTANT_CONVERSION = YES;
				CLANG_WARN_DEPRECATED_OBJC_IMPLEMENTATIONS = YES;
				CLANG_WARN_DIRECT_OBJC_ISA_USAGE = YES_ERROR;
				CLANG_WARN_DOCUMENTATION_COMMENTS = YES;
				CLANG_WARN_EMPTY_BODY = YES;
				CLANG_WARN_ENUM_CONVERSION = YES;
				CLANG_WARN_INFINITE_RECURSION = YES;
				CLANG_WARN_INT_CONVERSION = YES;
				CLANG_WARN_NON_LITERAL_NULL_CONVERSION = YES;
				CLANG_WARN_OBJC_IMPLICIT_RETAIN_SELF = YES;
				CLANG_WARN_OBJC_LITERAL_CONVERSION = YES;
				CLANG_WARN_OBJC_ROOT_CLASS = YES_ERROR;
				CLANG_WARN_RANGE_LOOP_ANALYSIS = YES;
				CLANG_WARN_STRICT_PROTOTYPES = YES;
				CLANG_WARN_SUSPICIOUS_MOVE = YES;
				CLANG_WARN_UNGUARDED_AVAILABILITY = YES_AGGRESSIVE;
				CLANG_WARN_UNREACHABLE_CODE = YES;
				CLANG_WARN__DUPLICATE_METHOD_MATCH = YES;
				CODE_SIGN_IDENTITY = "iPhone Developer";
				COPY_PHASE_STRIP = NO;
				DEBUG_INFORMATION_FORMAT = "dwarf-with-dsym";
				ENABLE_NS_ASSERTIONS = NO;
				ENABLE_STRICT_OBJC_MSGSEND = YES;
				GCC_C_LANGUAGE_STANDARD = gnu11;
				GCC_NO_COMMON_BLOCKS = YES;
				GCC_WARN_64_TO_32_BIT_CONVERSION = YES;
				GCC_WARN_ABOUT_RETURN_TYPE = YES_ERROR;
				GCC_WARN_UNDECLARED_SELECTOR = YES;
				GCC_WARN_UNINITIALIZED_AUTOS = YES_AGGRESSIVE;
				GCC_WARN_UNUSED_FUNCTION = YES;
				GCC_WARN_UNUSED_VARIABLE = YES;
				IPHONEOS_DEPLOYMENT_TARGET = 11.4;
				MTL_ENABLE_DEBUG_INFO = NO;
				SDKROOT = iphoneos;
				SWIFT_COMPILATION_MODE = wholemodule;
				SWIFT_OPTIMIZATION_LEVEL = "-O";
				VALIDATE_PRODUCT = YES;
			};
			name = Release;
		};
		44ACB71A2233E815002B4706 /* Debug */ = {
			isa = XCBuildConfiguration;
			baseConfigurationReference = 64BB7725F3C81B8A8E1056AB /* Pods-automationWorkShop.debug.xcconfig */;
			buildSettings = {
				ASSETCATALOG_COMPILER_APPICON_NAME = AppIcon;
				CODE_SIGN_STYLE = Automatic;
				DEVELOPMENT_TEAM = 7AYGAZB269;
				INFOPLIST_FILE = automationWorkShop/Info.plist;
				LD_RUNPATH_SEARCH_PATHS = (
					"$(inherited)",
					"@executable_path/Frameworks",
				);
				PRODUCT_BUNDLE_IDENTIFIER = Amr.automationWorkShop;
				PRODUCT_NAME = "$(TARGET_NAME)";
				SWIFT_VERSION = 4.0;
				TARGETED_DEVICE_FAMILY = "1,2";
			};
			name = Debug;
		};
		44ACB71B2233E815002B4706 /* Release */ = {
			isa = XCBuildConfiguration;
			baseConfigurationReference = F45F5B16604AA098446F068A /* Pods-automationWorkShop.release.xcconfig */;
			buildSettings = {
				ASSETCATALOG_COMPILER_APPICON_NAME = AppIcon;
				CODE_SIGN_STYLE = Automatic;
				DEVELOPMENT_TEAM = 7AYGAZB269;
				INFOPLIST_FILE = automationWorkShop/Info.plist;
				LD_RUNPATH_SEARCH_PATHS = (
					"$(inherited)",
					"@executable_path/Frameworks",
				);
				PRODUCT_BUNDLE_IDENTIFIER = Amr.automationWorkShop;
				PRODUCT_NAME = "$(TARGET_NAME)";
				SWIFT_VERSION = 4.0;
				TARGETED_DEVICE_FAMILY = "1,2";
			};
			name = Release;
		};
		44ACB71D2233E815002B4706 /* Debug */ = {
			isa = XCBuildConfiguration;
			baseConfigurationReference = 72CC3CBAAD1B228F4DC71826 /* Pods-automationWorkShopTests.debug.xcconfig */;
			buildSettings = {
				ALWAYS_EMBED_SWIFT_STANDARD_LIBRARIES = YES;
				BUNDLE_LOADER = "$(TEST_HOST)";
				CODE_SIGN_STYLE = Automatic;
				DEVELOPMENT_TEAM = 7AYGAZB269;
				INFOPLIST_FILE = automationWorkShopTests/Info.plist;
				LD_RUNPATH_SEARCH_PATHS = (
					"$(inherited)",
					"@executable_path/Frameworks",
					"@loader_path/Frameworks",
				);
				PRODUCT_BUNDLE_IDENTIFIER = Amr.automationWorkShopTests;
				PRODUCT_NAME = "$(TARGET_NAME)";
				SWIFT_VERSION = 4.0;
				TARGETED_DEVICE_FAMILY = "1,2";
				TEST_HOST = "$(BUILT_PRODUCTS_DIR)/automationWorkShop.app/automationWorkShop";
			};
			name = Debug;
		};
		44ACB71E2233E815002B4706 /* Release */ = {
			isa = XCBuildConfiguration;
			baseConfigurationReference = F2919BB3CAD27D2EA8CF5CA5 /* Pods-automationWorkShopTests.release.xcconfig */;
			buildSettings = {
				ALWAYS_EMBED_SWIFT_STANDARD_LIBRARIES = YES;
				BUNDLE_LOADER = "$(TEST_HOST)";
				CODE_SIGN_STYLE = Automatic;
				DEVELOPMENT_TEAM = 7AYGAZB269;
				INFOPLIST_FILE = automationWorkShopTests/Info.plist;
				LD_RUNPATH_SEARCH_PATHS = (
					"$(inherited)",
					"@executable_path/Frameworks",
					"@loader_path/Frameworks",
				);
				PRODUCT_BUNDLE_IDENTIFIER = Amr.automationWorkShopTests;
				PRODUCT_NAME = "$(TARGET_NAME)";
				SWIFT_VERSION = 4.0;
				TARGETED_DEVICE_FAMILY = "1,2";
				TEST_HOST = "$(BUILT_PRODUCTS_DIR)/automationWorkShop.app/automationWorkShop";
			};
			name = Release;
		};
		44ACB7202233E815002B4706 /* Debug */ = {
			isa = XCBuildConfiguration;
			baseConfigurationReference = 0BCFF37248845EBD9B3BCF3C /* Pods-automationWorkShopUITests.debug.xcconfig */;
			buildSettings = {
				ALWAYS_EMBED_SWIFT_STANDARD_LIBRARIES = YES;
				CODE_SIGN_STYLE = Automatic;
				DEVELOPMENT_TEAM = 7AYGAZB269;
				INFOPLIST_FILE = automationWorkShopUITests/Info.plist;
				LD_RUNPATH_SEARCH_PATHS = (
					"$(inherited)",
					"@executable_path/Frameworks",
					"@loader_path/Frameworks",
				);
				PRODUCT_BUNDLE_IDENTIFIER = Amr.automationWorkShopUITests;
				PRODUCT_NAME = "$(TARGET_NAME)";
				SWIFT_VERSION = 4.0;
				TARGETED_DEVICE_FAMILY = "1,2";
				TEST_TARGET_NAME = automationWorkShop;
			};
			name = Debug;
		};
		44ACB7212233E815002B4706 /* Release */ = {
			isa = XCBuildConfiguration;
			baseConfigurationReference = 809FAB31A3E929EE1287D895 /* Pods-automationWorkShopUITests.release.xcconfig */;
			buildSettings = {
				ALWAYS_EMBED_SWIFT_STANDARD_LIBRARIES = YES;
				CODE_SIGN_STYLE = Automatic;
				DEVELOPMENT_TEAM = 7AYGAZB269;
				INFOPLIST_FILE = automationWorkShopUITests/Info.plist;
				LD_RUNPATH_SEARCH_PATHS = (
					"$(inherited)",
					"@executable_path/Frameworks",
					"@loader_path/Frameworks",
				);
				PRODUCT_BUNDLE_IDENTIFIER = Amr.automationWorkShopUITests;
				PRODUCT_NAME = "$(TARGET_NAME)";
				SWIFT_VERSION = 4.0;
				TARGETED_DEVICE_FAMILY = "1,2";
				TEST_TARGET_NAME = automationWorkShop;
			};
			name = Release;
		};
/* End XCBuildConfiguration section */

/* Begin XCConfigurationList section */
		44ACB6EC2233E813002B4706 /* Build configuration list for PBXProject "automationWorkShop" */ = {
			isa = XCConfigurationList;
			buildConfigurations = (
				44ACB7172233E815002B4706 /* Debug */,
				44ACB7182233E815002B4706 /* Release */,
			);
			defaultConfigurationIsVisible = 0;
			defaultConfigurationName = Release;
		};
		44ACB7192233E815002B4706 /* Build configuration list for PBXNativeTarget "automationWorkShop" */ = {
			isa = XCConfigurationList;
			buildConfigurations = (
				44ACB71A2233E815002B4706 /* Debug */,
				44ACB71B2233E815002B4706 /* Release */,
			);
			defaultConfigurationIsVisible = 0;
			defaultConfigurationName = Release;
		};
		44ACB71C2233E815002B4706 /* Build configuration list for PBXNativeTarget "automationWorkShopTests" */ = {
			isa = XCConfigurationList;
			buildConfigurations = (
				44ACB71D2233E815002B4706 /* Debug */,
				44ACB71E2233E815002B4706 /* Release */,
			);
			defaultConfigurationIsVisible = 0;
			defaultConfigurationName = Release;
		};
		44ACB71F2233E815002B4706 /* Build configuration list for PBXNativeTarget "automationWorkShopUITests" */ = {
			isa = XCConfigurationList;
			buildConfigurations = (
				44ACB7202233E815002B4706 /* Debug */,
				44ACB7212233E815002B4706 /* Release */,
			);
			defaultConfigurationIsVisible = 0;
			defaultConfigurationName = Release;
		};
/* End XCConfigurationList section */
	};
	rootObject = 44ACB6E92233E813002B4706 /* Project object */;
}
